
Microsoft Visual Studio Solution File, Format Version 12.00
# Visual Studio Version 16
VisualStudioVersion = 16.0.31112.23
MinimumVisualStudioVersion = 10.0.40219.1
Project("{9A19103F-16F7-4668-BE54-9A1E7A4F7556}") = "ComsiteDesk.ERP.DB.Core", "ComsiteDesk.ERP.DB.Core\ComsiteDesk.ERP.DB.Core.csproj", "{72C8728F-3AAA-4B77-887A-E23718404C52}"
EndProject
Project("{9A19103F-16F7-4668-BE54-9A1E7A4F7556}") = "ComsiteDesk.ERP.Data", "ComsiteDesk.ERP.Data\ComsiteDesk.ERP.Data.csproj", "{E82F17A5-E284-4D08-9FAD-F141C5609E39}"
EndProject
Project("{9A19103F-16F7-4668-BE54-9A1E7A4F7556}") = "ComsiteDesk.ERP.Util", "ComsiteDesk.ERP.Util\ComsiteDesk.ERP.Util.csproj", "{09FEF446-3CF8-437F-9CB0-7FC5F93DB7F0}"
EndProject
Project("{9A19103F-16F7-4668-BE54-9A1E7A4F7556}") = "ComsiteDesk.ERP.Service", "ComsiteDesk.ERP.Service\ComsiteDesk.ERP.Service.csproj", "{3A1D62B5-27FC-4633-A21E-0AE78B933AF6}"
EndProject
Project("{9A19103F-16F7-4668-BE54-9A1E7A4F7556}") = "ComsiteDesk.ERP.PublicInterface", "ComsiteDesk.ERP.PublicInterface\ComsiteDesk.ERP.PublicInterface.csproj", "{31F8A687-E653-4460-A0CC-AB6C3F0533F6}"
EndProject
Project("{9A19103F-16F7-4668-BE54-9A1E7A4F7556}") = "ComsiteDesk.ERP.Web", "ComsiteDesk.ERP.Web\ComsiteDesk.ERP.Web.csproj", "{068DBE2F-1FDA-43F9-B58C-F98D4513F26D}"
EndProject
Global
	GlobalSection(SolutionConfigurationPlatforms) = preSolution
		Debug|Any CPU = Debug|Any CPU
		Release|Any CPU = Release|Any CPU
	EndGlobalSection
	GlobalSection(ProjectConfigurationPlatforms) = postSolution
		{72C8728F-3AAA-4B77-887A-E23718404C52}.Debug|Any CPU.ActiveCfg = Debug|Any CPU
		{72C8728F-3AAA-4B77-887A-E23718404C52}.Debug|Any CPU.Build.0 = Debug|Any CPU
		{72C8728F-3AAA-4B77-887A-E23718404C52}.Release|Any CPU.ActiveCfg = Release|Any CPU
		{72C8728F-3AAA-4B77-887A-E23718404C52}.Release|Any CPU.Build.0 = Release|Any CPU
		{E82F17A5-E284-4D08-9FAD-F141C5609E39}.Debug|Any CPU.ActiveCfg = Debug|Any CPU
		{E82F17A5-E284-4D08-9FAD-F141C5609E39}.Debug|Any CPU.Build.0 = Debug|Any CPU
		{E82F17A5-E284-4D08-9FAD-F141C5609E39}.Release|Any CPU.ActiveCfg = Release|Any CPU
		{E82F17A5-E284-4D08-9FAD-F141C5609E39}.Release|Any CPU.Build.0 = Release|Any CPU
		{09FEF446-3CF8-437F-9CB0-7FC5F93DB7F0}.Debug|Any CPU.ActiveCfg = Debug|Any CPU
		{09FEF446-3CF8-437F-9CB0-7FC5F93DB7F0}.Debug|Any CPU.Build.0 = Debug|Any CPU
		{09FEF446-3CF8-437F-9CB0-7FC5F93DB7F0}.Release|Any CPU.ActiveCfg = Release|Any CPU
		{09FEF446-3CF8-437F-9CB0-7FC5F93DB7F0}.Release|Any CPU.Build.0 = Release|Any CPU
		{3A1D62B5-27FC-4633-A21E-0AE78B933AF6}.Debug|Any CPU.ActiveCfg = Debug|Any CPU
		{3A1D62B5-27FC-4633-A21E-0AE78B933AF6}.Debug|Any CPU.Build.0 = Debug|Any CPU
		{3A1D62B5-27FC-4633-A21E-0AE78B933AF6}.Release|Any CPU.ActiveCfg = Release|Any CPU
		{3A1D62B5-27FC-4633-A21E-0AE78B933AF6}.Release|Any CPU.Build.0 = Release|Any CPU
		{31F8A687-E653-4460-A0CC-AB6C3F0533F6}.Debug|Any CPU.ActiveCfg = Debug|Any CPU
		{31F8A687-E653-4460-A0CC-AB6C3F0533F6}.Debug|Any CPU.Build.0 = Debug|Any CPU
		{31F8A687-E653-4460-A0CC-AB6C3F0533F6}.Release|Any CPU.ActiveCfg = Release|Any CPU
		{31F8A687-E653-4460-A0CC-AB6C3F0533F6}.Release|Any CPU.Build.0 = Release|Any CPU
		{068DBE2F-1FDA-43F9-B58C-F98D4513F26D}.Debug|Any CPU.ActiveCfg = Debug|Any CPU
		{068DBE2F-1FDA-43F9-B58C-F98D4513F26D}.Debug|Any CPU.Build.0 = Debug|Any CPU
		{068DBE2F-1FDA-43F9-B58C-F98D4513F26D}.Release|Any CPU.ActiveCfg = Release|Any CPU
		{068DBE2F-1FDA-43F9-B58C-F98D4513F26D}.Release|Any CPU.Build.0 = Release|Any CPU
	EndGlobalSection
	GlobalSection(SolutionProperties) = preSolution
		HideSolutionNode = FALSE
	EndGlobalSection
	GlobalSection(ExtensibilityGlobals) = postSolution
		SolutionGuid = {99468A63-53E1-4269-8CF8-5DF055A83AFD}
	EndGlobalSection
EndGlobal
